
Microsoft Visual Studio Solution File, Format Version 12.00
# Visual Studio Version 16
VisualStudioVersion = 16.0.29411.108
MinimumVisualStudioVersion = 10.0.40219.1
Project("{FAE04EC0-301F-11D3-BF4B-00C04F79EFBC}") = "DataStructuresAndAlgorithms", "DataStructuresAndAlgorithms\DataStructuresAndAlgorithms.csproj", "{CBBC1864-69F0-47F2-B22F-972FCB4E93C0}"
EndProject
Global
	GlobalSection(SolutionConfigurationPlatforms) = preSolution
		Debug|Any CPU = Debug|Any CPU
		Release|Any CPU = Release|Any CPU
	EndGlobalSection
	GlobalSection(ProjectConfigurationPlatforms) = postSolution
		{CBBC1864-69F0-47F2-B22F-972FCB4E93C0}.Debug|Any CPU.ActiveCfg = Debug|Any CPU
		{CBBC1864-69F0-47F2-B22F-972FCB4E93C0}.Debug|Any CPU.Build.0 = Debug|Any CPU
		{CBBC1864-69F0-47F2-B22F-972FCB4E93C0}.Release|Any CPU.ActiveCfg = Release|Any CPU
		{CBBC1864-69F0-47F2-B22F-972FCB4E93C0}.Release|Any CPU.Build.0 = Release|Any CPU
	EndGlobalSection
	GlobalSection(SolutionProperties) = preSolution
		HideSolutionNode = FALSE
	EndGlobalSection
	GlobalSection(ExtensibilityGlobals) = postSolution
		SolutionGuid = {65F05FF0-A982-4267-9AEA-AAFBF2EC3583}
	EndGlobalSection
EndGlobal
